# THIS IS AN AUTOGENERATED FILE. DO NOT EDIT THIS FILE DIRECTLY.
# yarn lockfile v1


backed@^0.12.1:
  version "0.12.1"
  resolved "https://registry.yarnpkg.com/backed/-/backed-0.12.1.tgz#213944b1e457e253a6390a4559ef24cba4228f6b"

custom-html-tag@^0.1.0:
  version "0.1.1"
  resolved "https://registry.yarnpkg.com/custom-html-tag/-/custom-html-tag-0.1.1.tgz#9a018c43eeab45a59c68bc760c6670921a4e579a"

custom-renderer-mixin@^0.1.5:
  version "0.1.5"
  resolved "https://registry.yarnpkg.com/custom-renderer-mixin/-/custom-renderer-mixin-0.1.5.tgz#ae1ff6f77d4fff99652d06f0ed827377c1179973"
  dependencies:
    custom-html-tag "^0.1.0"
    custom-renderer "^0.1.0"

custom-renderer@^0.1.0:
  version "0.1.1"
  resolved "https://registry.yarnpkg.com/custom-renderer/-/custom-renderer-0.1.1.tgz#4a3ba91bfdc2bd543001b448d68e6445a67d5549"

custom-ripple@0.11.0:
  version "0.11.0"
  resolved "https://registry.yarnpkg.com/custom-ripple/-/custom-ripple-0.11.0.tgz#4bc8ed5b9fe11570ba5f016e1789da86414ed2fc"
  dependencies:
    backed "0.12.0"
    custom-renderer-mixin "^0.1.4"
