# THIS IS AN AUTOGENERATED FILE. DO NOT EDIT THIS FILE DIRECTLY.
# yarn lockfile v1


backed@^0.9.3:
  version "0.9.3"
  resolved "https://registry.yarnpkg.com/backed/-/backed-0.9.3.tgz#fe559c2d6c57f56182e11323183c49fd3ea42a4b"
  dependencies:
    lit-html "^0.7.1"

custom-ripple@^0.9.0:
  version "0.9.0"
  resolved "https://registry.yarnpkg.com/custom-ripple/-/custom-ripple-0.9.0.tgz#9c0c1c4addaede1ccbee5899d1445afb05865be9"
  dependencies:
    backed "^0.9.3"

lit-html@^0.7.1:
  version "0.7.1"
  resolved "https://registry.yarnpkg.com/lit-html/-/lit-html-0.7.1.tgz#61785045cf84f9ee955fa078c2985b52b765ad16"
